SITE
  remote: http://community.opscode.com/api/v1
  specs:
    apt (1.7.0)
    aws (1.0.0)
    build-essential (1.4.2)
    chef-client (3.2.0)
      cron (>= 1.2.0)
      logrotate (>= 1.2.0)
    chef_handler (1.1.4)
    composer (0.0.6)
    cron (1.2.8)
    database (1.6.0)
      aws (>= 0.0.0)
      mysql (>= 1.3.0)
      postgresql (>= 1.0.0)
      xfs (>= 0.0.0)
    dmg (2.1.2)
    dotdeb (0.1.1)
    git (2.9.0)
      build-essential (>= 0.0.0)
      dmg (>= 0.0.0)
      runit (>= 1.0.0)
      windows (>= 0.0.0)
      yum (~> 3.0)
      yum-epel (>= 0.0.0)
    hostsfile (2.4.2)
    iis (2.0.0)
      windows (>= 1.2.6)
    logrotate (1.4.0)
    mysql (4.0.18)
      build-essential (~> 1.4)
      openssl (~> 1.1)
    nginx (1.7.0)
      apt (>= 0.0.0)
      build-essential (>= 0.0.0)
      ohai (>= 1.1.4)
      runit (>= 0.0.0)
      yum (>= 0.0.0)
    nodejs (1.3.0)
      apt (>= 0.0.0)
      build-essential (>= 0.0.0)
      yum (>= 0.0.0)
    ohai (1.1.12)
    openssl (1.1.0)
    php (1.3.10)
      build-essential (>= 0.0.0)
      iis (>= 0.0.0)
      mysql (>= 0.0.0)
      windows (>= 0.0.0)
      xml (>= 0.0.0)
      yum-epel (>= 0.0.0)
    php-fpm (0.6.3)
      apt (>= 0.0.0)
      yum (>= 0.0.0)
    postgresql (3.3.4)
      apt (>= 0.0.0)
      build-essential (>= 0.0.0)
      openssl (>= 0.0.0)
    runit (1.5.8)
      build-essential (>= 0.0.0)
      yum (~> 3.0)
      yum-epel (>= 0.0.0)
    windows (1.12.6)
      chef_handler (>= 0.0.0)
    xfs (1.1.0)
    xml (1.2.0)
      build-essential (>= 0.0.0)
    yum (3.0.4)
    yum-epel (0.2.0)
      yum (~> 3.0)

GIT
  remote: https://github.com/MattSurabian/grunt_cookbook.git
  ref: master
  sha: a48428617244b8e6e5f3f032a1b0b26ec7150ea5
  specs:
    grunt_cookbook (1.0.0)
      nodejs (>= 0.0.0)

GIT
  remote: https://github.com/roots/wordpress-nginx.git
  ref: master
  sha: ba068d4159f3e4222b08761f26d6c670a2ef2e41
  specs:
    wordpress-nginx (0.3.0)
      nginx (<= 1.7.0)
      php-fpm (>= 0.0.0)

GIT
  remote: https://github.com/roots/wp-cookbook.git
  ref: master
  sha: ac3388deef6455b8a7234b5c4c63a4ff52bed1d6
  specs:
    wp-cookbook (0.1.0)
      apt (= 1.7.0)
      build-essential (>= 0.0.0)
      composer (>= 0.0.0)
      database (>= 0.0.0)
      dotdeb (>= 0.0.0)
      git (>= 0.0.0)
      grunt_cookbook (>= 0.0.0)
      hostsfile (>= 0.0.0)
      mysql (>= 0.0.0)
      nginx (>= 0.0.0)
      nodejs (>= 0.0.0)
      php (>= 0.0.0)
      php-fpm (>= 0.0.0)
      wordpress-nginx (>= 0.0.0)

DEPENDENCIES
  chef-client (>= 0)
  grunt_cookbook (>= 0)
  wordpress-nginx (>= 0)
  wp-cookbook (>= 0)

